
Microsoft Visual Studio Solution File, Format Version 12.00
# Visual Studio 2012
Project("{FAE04EC0-301F-11D3-BF4B-00C04F79EFBC}") = "MapControlApplication1", "MapControlApplication1\MapControlApplication1.csproj", "{C17C2E13-F905-4535-B00D-E48FB05F162A}"
EndProject
Global
	GlobalSection(SolutionConfigurationPlatforms) = preSolution
		Debug|x86 = Debug|x86
		Release|x86 = Release|x86
	EndGlobalSection
	GlobalSection(ProjectConfigurationPlatforms) = postSolution
		{C17C2E13-F905-4535-B00D-E48FB05F162A}.Debug|x86.ActiveCfg = Debug|x86
		{C17C2E13-F905-4535-B00D-E48FB05F162A}.Debug|x86.Build.0 = Debug|x86
		{C17C2E13-F905-4535-B00D-E48FB05F162A}.Release|x86.ActiveCfg = Release|x86
		{C17C2E13-F905-4535-B00D-E48FB05F162A}.Release|x86.Build.0 = Release|x86
	EndGlobalSection
	GlobalSection(SolutionProperties) = preSolution
		HideSolutionNode = FALSE
	EndGlobalSection
EndGlobal
